
Microsoft Visual Studio Solution File, Format Version 12.00
# Visual Studio Version 16
VisualStudioVersion = 16.0.30907.101
MinimumVisualStudioVersion = 10.0.40219.1
Project("{FAE04EC0-301F-11D3-BF4B-00C04F79EFBC}") = "State_Management_Colors", "State_Management_Colors\State_Management_Colors.csproj", "{A570DF6E-A649-47CE-A322-72F315E62AC2}"
EndProject
Global
	GlobalSection(SolutionConfigurationPlatforms) = preSolution
		Debug|Any CPU = Debug|Any CPU
		Release|Any CPU = Release|Any CPU
	EndGlobalSection
	GlobalSection(ProjectConfigurationPlatforms) = postSolution
		{A570DF6E-A649-47CE-A322-72F315E62AC2}.Debug|Any CPU.ActiveCfg = Debug|Any CPU
		{A570DF6E-A649-47CE-A322-72F315E62AC2}.Debug|Any CPU.Build.0 = Debug|Any CPU
		{A570DF6E-A649-47CE-A322-72F315E62AC2}.Release|Any CPU.ActiveCfg = Release|Any CPU
		{A570DF6E-A649-47CE-A322-72F315E62AC2}.Release|Any CPU.Build.0 = Release|Any CPU
	EndGlobalSection
	GlobalSection(SolutionProperties) = preSolution
		HideSolutionNode = FALSE
	EndGlobalSection
	GlobalSection(ExtensibilityGlobals) = postSolution
		SolutionGuid = {5A1958D6-00D1-4105-9185-37F31711B2D8}
	EndGlobalSection
EndGlobal
